%{
  "circuits_uart": {:hex, :circuits_uart, "1.4.3", "3753ed5b8792bab65f3e3c9c4ef00c51bcd5af7bb504bdfcba0648cb9b37e0de", [:mix], [{:elixir_make, "~> 0.6", [hex: :elixir_make, repo: "hexpm", optional: false]}], "hexpm", "80e568af4144ebf060af19d9354a545f96fe1ac069d91ac852ee9f2cee8af581"},
  "circular_buffer": {:hex, :circular_buffer, "0.4.0", "a51ea76bb03c4a38207934264bcc600018ead966728ca80da731458c5f940f8b", [:mix], [], "hexpm", "c604b19f2101982b63264e2ed90c6fb0fe502540b6af83ce95135ac9b6f2d847"},
  "elixir_make": {:hex, :elixir_make, "0.6.2", "7dffacd77dec4c37b39af867cedaabb0b59f6a871f89722c25b28fcd4bd70530", [:mix], [], "hexpm", "03e49eadda22526a7e5279d53321d1cced6552f344ba4e03e619063de75348d9"},
  "font_metrics": {:hex, :font_metrics, "0.3.1", "025ff9957040eb4d6430c306a4445bad5d9f43ec24448c1647df7cb63b5dd88c", [:mix], [{:msgpax, "~> 2.2", [hex: :msgpax, repo: "hexpm", optional: false]}], "hexpm", "6dff6525d49d84173ce20b4cba2457b2289e83bcc2be19c2aa761dbe9f631033"},
  "input_event": {:hex, :input_event, "0.4.3", "ea1c6c81fd245f617858294ce106bf4b9c35822eaa94793ffa104cc0ae1bd323", [:make, :mix], [{:elixir_make, "~> 0.6", [hex: :elixir_make, repo: "hexpm", optional: false]}], "hexpm", "818bd6b20d3a6ccac868074138eae5dbae17baf2f7711b2852253d6461ad80db"},
  "msgpax": {:hex, :msgpax, "2.3.0", "14f52ad249a3f77b5e2d59f6143e6c18a6e74f34666989e22bac0a465f9835cc", [:mix], [{:plug, "~> 1.0", [hex: :plug, repo: "hexpm", optional: true]}], "hexpm", "65c36846a62ed5615baf7d7d47babb6541313a6c0b6d2ff19354bd518f52df7e"},
  "ring_logger": {:hex, :ring_logger, "0.8.2", "78e0ffbf89b3f5b3c58f8660cb6b6fe2ca7ed5f56dc64e993119189d629c278c", [:mix], [{:circular_buffer, "~> 0.4.0", [hex: :circular_buffer, repo: "hexpm", optional: false]}], "hexpm", "864c8982bfcdc17b7501d00cc2bcede6727ebf95cbeba30e70c795d03f9138c1"},
  "scenic": {:hex, :scenic, "0.10.5", "9f4d72601bbd97c5e77b80e142b29f56edbfec20ad102d2e1b4fab8536559e9c", [:make, :mix], [{:elixir_make, "~> 0.6.2", [hex: :elixir_make, repo: "hexpm", optional: false]}, {:font_metrics, "~> 0.3.0", [hex: :font_metrics, repo: "hexpm", optional: false]}], "hexpm", "2432d87ecdfbd15c03fbbad0aca9cb303e88821abc0406c48ed763f282a66131"},
  "scenic_driver_glfw": {:hex, :scenic_driver_glfw, "0.10.1", "df7a11bc1d23415dd48c7796a70a6ad98b9cf77554078d79115d6c6e58b87eda", [:make, :mix], [{:elixir_make, "~> 0.6", [hex: :elixir_make, repo: "hexpm", optional: false]}, {:scenic, "~> 0.10", [hex: :scenic, repo: "hexpm", optional: false]}], "hexpm", "d2f2ef0a1d099a6e1904616c0a95ff0fc554342cf7936e6bb73c2d7027e7557e"},
  "scenic_driver_nerves_rpi": {:hex, :scenic_driver_nerves_rpi, "0.10.0", "6aa51e6f026386b5f09a082e54a59f8fcdb7e838437f8d4bdb8fa26c9c77f228", [:make, :mix], [{:elixir_make, "~> 0.5", [hex: :elixir_make, repo: "hexpm", optional: false]}, {:scenic, "~> 0.10", [hex: :scenic, repo: "hexpm", optional: false]}], "hexpm", "a5e37e3fa83c472627eb6c458cbedd967ab9d46409f115d1eda88ede0c7d38e8"},
  "scenic_driver_nerves_touch": {:hex, :scenic_driver_nerves_touch, "0.10.0", "853c51ef9f7a86d40fed549e868e0bb66019969eb91d53d72b44bb95b0c8ef97", [:mix], [{:input_event, "~> 0.4", [hex: :input_event, repo: "hexpm", optional: false]}, {:scenic, "~> 0.10", [hex: :scenic, repo: "hexpm", optional: false]}], "hexpm", "80e6949951086852d53dd7cf94436d99d4bc981ef7a6655b660b0d52020d2d95"},
  "scenic_sensor": {:hex, :scenic_sensor, "0.7.0", "a12aed7596fbab025a535f912325da5a087ff704e96f7acb274c3034d832f9ce", [:mix], [], "hexpm", "424b0663b7b2e2ea309231e384f321e35b1a693397f8b49913330405d36ab558"},
}
